
Microsoft Visual Studio Solution File, Format Version 12.00
# Visual Studio Version 17
VisualStudioVersion = 17.14.36518.9 d17.14
MinimumVisualStudioVersion = 10.0.40219.1
Project("{FAE04EC0-301F-11D3-BF4B-00C04F79EFBC}") = "TestTaskApp", "TestTaskApp\TestTaskApp.csproj", "{94F3E12C-80A5-E76D-0C60-52D4687AC527}"
EndProject
Project("{FAE04EC0-301F-11D3-BF4B-00C04F79EFBC}") = "TestTaskApp.Desktop", "TestTaskApp.Desktop\TestTaskApp.Desktop.csproj", "{55089A97-A6FE-B838-97F9-2818074A9B16}"
EndProject
Global
	GlobalSection(SolutionConfigurationPlatforms) = preSolution
		Debug|Any CPU = Debug|Any CPU
		Release|Any CPU = Release|Any CPU
	EndGlobalSection
	GlobalSection(ProjectConfigurationPlatforms) = postSolution
		{94F3E12C-80A5-E76D-0C60-52D4687AC527}.Debug|Any CPU.ActiveCfg = Debug|Any CPU
		{94F3E12C-80A5-E76D-0C60-52D4687AC527}.Debug|Any CPU.Build.0 = Debug|Any CPU
		{94F3E12C-80A5-E76D-0C60-52D4687AC527}.Release|Any CPU.ActiveCfg = Release|Any CPU
		{94F3E12C-80A5-E76D-0C60-52D4687AC527}.Release|Any CPU.Build.0 = Release|Any CPU
		{55089A97-A6FE-B838-97F9-2818074A9B16}.Debug|Any CPU.ActiveCfg = Debug|Any CPU
		{55089A97-A6FE-B838-97F9-2818074A9B16}.Debug|Any CPU.Build.0 = Debug|Any CPU
		{55089A97-A6FE-B838-97F9-2818074A9B16}.Release|Any CPU.ActiveCfg = Release|Any CPU
		{55089A97-A6FE-B838-97F9-2818074A9B16}.Release|Any CPU.Build.0 = Release|Any CPU
	EndGlobalSection
	GlobalSection(SolutionProperties) = preSolution
		HideSolutionNode = FALSE
	EndGlobalSection
	GlobalSection(ExtensibilityGlobals) = postSolution
		SolutionGuid = {25DB39E9-7795-419D-A218-6C12585B8333}
	EndGlobalSection
EndGlobal
